
Microsoft Visual Studio Solution File, Format Version 12.00
# Visual Studio Version 16
VisualStudioVersion = 16.0.31205.134
MinimumVisualStudioVersion = 10.0.40219.1
Project("{8BC9CEB8-8B4A-11D0-8D11-00A0C91BC942}") = "RayCast", "RayCast\RayCast.vcxproj", "{AC2DFB1D-B2A2-4408-AEC3-48E9ED5243FA}"
EndProject
Project("{FAE04EC0-301F-11D3-BF4B-00C04F79EFBC}") = "SandBox", "SandBox\SandBox.csproj", "{7E703C85-D19B-4665-993F-7D663739E9F6}"
EndProject
Global
	GlobalSection(SolutionConfigurationPlatforms) = preSolution
		Debug|Any CPU = Debug|Any CPU
		Debug|x64 = Debug|x64
		Debug|x86 = Debug|x86
		Release|Any CPU = Release|Any CPU
		Release|x64 = Release|x64
		Release|x86 = Release|x86
	EndGlobalSection
	GlobalSection(ProjectConfigurationPlatforms) = postSolution
		{AC2DFB1D-B2A2-4408-AEC3-48E9ED5243FA}.Debug|Any CPU.ActiveCfg = Debug|Win32
		{AC2DFB1D-B2A2-4408-AEC3-48E9ED5243FA}.Debug|x64.ActiveCfg = Debug|x64
		{AC2DFB1D-B2A2-4408-AEC3-48E9ED5243FA}.Debug|x64.Build.0 = Debug|x64
		{AC2DFB1D-B2A2-4408-AEC3-48E9ED5243FA}.Debug|x86.ActiveCfg = Debug|Win32
		{AC2DFB1D-B2A2-4408-AEC3-48E9ED5243FA}.Debug|x86.Build.0 = Debug|Win32
		{AC2DFB1D-B2A2-4408-AEC3-48E9ED5243FA}.Release|Any CPU.ActiveCfg = Release|Win32
		{AC2DFB1D-B2A2-4408-AEC3-48E9ED5243FA}.Release|x64.ActiveCfg = Release|x64
		{AC2DFB1D-B2A2-4408-AEC3-48E9ED5243FA}.Release|x64.Build.0 = Release|x64
		{AC2DFB1D-B2A2-4408-AEC3-48E9ED5243FA}.Release|x86.ActiveCfg = Release|Win32
		{AC2DFB1D-B2A2-4408-AEC3-48E9ED5243FA}.Release|x86.Build.0 = Release|Win32
		{7E703C85-D19B-4665-993F-7D663739E9F6}.Debug|Any CPU.ActiveCfg = Debug|Any CPU
		{7E703C85-D19B-4665-993F-7D663739E9F6}.Debug|Any CPU.Build.0 = Debug|Any CPU
		{7E703C85-D19B-4665-993F-7D663739E9F6}.Debug|x64.ActiveCfg = Debug|Any CPU
		{7E703C85-D19B-4665-993F-7D663739E9F6}.Debug|x64.Build.0 = Debug|Any CPU
		{7E703C85-D19B-4665-993F-7D663739E9F6}.Debug|x86.ActiveCfg = Debug|Any CPU
		{7E703C85-D19B-4665-993F-7D663739E9F6}.Debug|x86.Build.0 = Debug|Any CPU
		{7E703C85-D19B-4665-993F-7D663739E9F6}.Release|Any CPU.ActiveCfg = Release|Any CPU
		{7E703C85-D19B-4665-993F-7D663739E9F6}.Release|Any CPU.Build.0 = Release|Any CPU
		{7E703C85-D19B-4665-993F-7D663739E9F6}.Release|x64.ActiveCfg = Release|Any CPU
		{7E703C85-D19B-4665-993F-7D663739E9F6}.Release|x64.Build.0 = Release|Any CPU
		{7E703C85-D19B-4665-993F-7D663739E9F6}.Release|x86.ActiveCfg = Release|Any CPU
		{7E703C85-D19B-4665-993F-7D663739E9F6}.Release|x86.Build.0 = Release|Any CPU
	EndGlobalSection
	GlobalSection(SolutionProperties) = preSolution
		HideSolutionNode = FALSE
	EndGlobalSection
	GlobalSection(ExtensibilityGlobals) = postSolution
		SolutionGuid = {C90ADB38-190E-4DC0-AE8A-10A919A26825}
	EndGlobalSection
EndGlobal
