<?xml version="1.0" encoding="utf-8"?>
<Project ToolsVersion="4.0" xmlns="http://schemas.microsoft.com/developer/msbuild/2003">
  <ItemGroup>
    <Filter Include="Source Files">
      <UniqueIdentifier>{4FC737F1-C7A5-4376-A066-2A32D752A2FF}</UniqueIdentifier>
      <Extensions>cpp;c;cc;cxx;c++;cppm;ixx;def;odl;idl;hpj;bat;asm;asmx</Extensions>
    </Filter>
    <Filter Include="Header Files">
      <UniqueIdentifier>{93995380-89BD-4b04-88EB-625FBE52EBFB}</UniqueIdentifier>
      <Extensions>h;hh;hpp;hxx;h++;hm;inl;inc;ipp;xsd</Extensions>
    </Filter>
    <Filter Include="Resource Files">
      <UniqueIdentifier>{67DA6AB6-F800-4c08-8B7A-83BB121AAD01}</UniqueIdentifier>
      <Extensions>rc;ico;cur;bmp;dlg;rc2;rct;bin;rgs;gif;jpg;jpeg;jpe;resx;tiff;tif;png;wav;mfcribbon-ms</Extensions>
    </Filter>
  </ItemGroup>
  <ItemGroup>
    <ClCompile Include="EntryPoint\main.cpp">
      <Filter>Source Files</Filter>
    </ClCompile>
    <ClCompile Include="Runtime\Rendering\OBJLoader.cpp">
      <Filter>Source Files</Filter>
    </ClCompile>
    <ClCompile Include="Runtime\Rendering\Mesh.cpp">
      <Filter>Source Files</Filter>
    </ClCompile>
    <ClCompile Include="Runtime\Rendering\Shader.cpp">
      <Filter>Source Files</Filter>
    </ClCompile>
    <ClCompile Include="Runtime\Core\Game.cpp">
      <Filter>Source Files</Filter>
    </ClCompile>
    <ClCompile Include="Runtime\Rendering\Texture.cpp">
      <Filter>Source Files</Filter>
    </ClCompile>
    <ClCompile Include="Runtime\Rendering\Model.cpp">
      <Filter>Source Files</Filter>
    </ClCompile>
    <ClCompile Include="Runtime\Camera\Camera.cpp">
      <Filter>Source Files</Filter>
    </ClCompile>
    <ClCompile Include="Runtime\Rendering\Material.cpp">
      <Filter>Source Files</Filter>
    </ClCompile>
    <ClCompile Include="Runtime\Animation\Bone.cpp">
      <Filter>Source Files</Filter>
    </ClCompile>
    <ClCompile Include="Runtime\Animation\Animation.cpp">
      <Filter>Source Files</Filter>
    </ClCompile>
    <ClCompile Include="Runtime\Animation\Animator.cpp">
      <Filter>Source Files</Filter>
    </ClCompile>
    <ClCompile Include="Runtime\Animation\AnimatedModel.cpp">
      <Filter>Source Files</Filter>
    </ClCompile>
    <ClCompile Include="Runtime\Animation\AnimatedMesh.cpp">
      <Filter>Source Files</Filter>
    </ClCompile>
    <ClCompile Include="Runtime\Core\Window.cpp">
      <Filter>Source Files</Filter>
    </ClCompile>
    <ClCompile Include="Runtime\Platform\Windows\glWindow.cpp">
      <Filter>Source Files</Filter>
    </ClCompile>
    <ClCompile Include="Runtime\Core\LayerStack.cpp">
      <Filter>Source Files</Filter>
    </ClCompile>
    <ClCompile Include="Runtime\Core\Timer.cpp">
      <Filter>Source Files</Filter>
    </ClCompile>
    <ClCompile Include="EntryPoint\AppGame.cpp">
      <Filter>Source Files</Filter>
    </ClCompile>
    <ClCompile Include="EntryPoint\GameLayer.cpp">
      <Filter>Source Files</Filter>
    </ClCompile>
    <ClCompile Include="EntryPoint\Game\GameWorld.cpp">
      <Filter>Source Files</Filter>
    </ClCompile>
    <ClCompile Include="Runtime\Entity\StateMachine.cpp">
      <Filter>Source Files</Filter>
    </ClCompile>
    <ClCompile Include="EntryPoint\Game\GameObject.cpp">
      <Filter>Source Files</Filter>
    </ClCompile>
    <ClCompile Include="EntryPoint\EditorLayer.cpp">
      <Filter>Source Files</Filter>
    </ClCompile>
    <ClCompile Include="EntryPoint\Editor\Editor.cpp">
      <Filter>Source Files</Filter>
    </ClCompile>
    <ClCompile Include="EntryPoint\Editor\GUILayer.cpp">
      <Filter>Source Files</Filter>
    </ClCompile>
    <ClCompile Include="Runtime\Platform\OpenGL\glFrameBuffer.cpp">
      <Filter>Source Files</Filter>
    </ClCompile>
    <ClCompile Include="Runtime\Rendering\FrameBuffer.cpp">
      <Filter>Source Files</Filter>
    </ClCompile>
    <ClCompile Include="EntryPoint\Editor\EditorScene.cpp">
      <Filter>Source Files</Filter>
    </ClCompile>
    <ClCompile Include="EntryPoint\Editor\SceneHierarchy\SceneHierarchy.cpp">
      <Filter>Source Files</Filter>
    </ClCompile>
    <ClCompile Include="EntryPoint\Editor\GuiComponents\GuiConsole.cpp">
      <Filter>Source Files</Filter>
    </ClCompile>
    <ClCompile Include="EntryPoint\Editor\GuiComponents\ObjectAdditor.cpp">
      <Filter>Source Files</Filter>
    </ClCompile>
    <ClCompile Include="EntryPoint\Editor\GuiComponents\SceneProps.cpp">
      <Filter>Source Files</Filter>
    </ClCompile>
    <ClCompile Include="Runtime\Camera\EditorCamera.cpp">
      <Filter>Source Files</Filter>
    </ClCompile>
    <ClCompile Include="Runtime\Math\Math.cpp">
      <Filter>Source Files</Filter>
    </ClCompile>
    <ClCompile Include="EntryPoint\Editor\Inspector\ObjectProperties.cpp">
      <Filter>Source Files</Filter>
    </ClCompile>
    <ClCompile Include="EntryPoint\Editor\ContentBrowser\ContentBrowserPanel.cpp">
      <Filter>Source Files</Filter>
    </ClCompile>
    <ClCompile Include="Runtime\Platform\Windows\WindowsPlatformUtils.cpp">
      <Filter>Source Files</Filter>
    </ClCompile>
    <ClCompile Include="Runtime\Serializing\SceneSerializer.cpp">
      <Filter>Source Files</Filter>
    </ClCompile>
    <ClCompile Include="Runtime\Light\LightPoint.cpp">
      <Filter>Source Files</Filter>
    </ClCompile>
    <ClCompile Include="Runtime\Entity\Entity.cpp">
      <Filter>Source Files</Filter>
    </ClCompile>
    <ClCompile Include="Runtime\Entity\Component.cpp">
      <Filter>Source Files</Filter>
    </ClCompile>
    <ClCompile Include="Runtime\Entity\EntityManager.cpp">
      <Filter>Source Files</Filter>
    </ClCompile>
    <ClCompile Include="Runtime\Entity\EngineScene.cpp">
      <Filter>Source Files</Filter>
    </ClCompile>
    <ClCompile Include="Runtime\Core\Log.cpp">
      <Filter>Source Files</Filter>
    </ClCompile>
    <ClCompile Include="Runtime\Light\DirectionalLight.cpp">
      <Filter>Source Files</Filter>
    </ClCompile>
    <ClCompile Include="Runtime\Light\Spotlight.cpp">
      <Filter>Source Files</Filter>
    </ClCompile>
    <ClCompile Include="Runtime\Platform\Windows\WindowsInput.cpp">
      <Filter>Source Files</Filter>
    </ClCompile>
    <ClCompile Include="Runtime\Rendering\Cubemap.cpp">
      <Filter>Source Files</Filter>
    </ClCompile>
    <ClCompile Include="Runtime\PhysicsEngine\Collider.cpp">
      <Filter>Source Files</Filter>
    </ClCompile>
    <ClCompile Include="Runtime\PhysicsEngine\CollisionWorld.cpp">
      <Filter>Source Files</Filter>
    </ClCompile>
    <ClCompile Include="Runtime\PhysicsEngine\RigidBody.cpp">
      <Filter>Source Files</Filter>
    </ClCompile>
    <ClCompile Include="Runtime\PhysicsEngine\DynamicWorld.cpp">
      <Filter>Source Files</Filter>
    </ClCompile>
    <ClCompile Include="Runtime\PhysicsEngine\BoxCollider.cpp">
      <Filter>Source Files</Filter>
    </ClCompile>
    <ClCompile Include="Runtime\PhysicsEngine\CircleCollider.cpp">
      <Filter>Source Files</Filter>
    </ClCompile>
    <ClCompile Include="stdafx.cpp">
      <Filter>Source Files</Filter>
    </ClCompile>
    <ClCompile Include="Runtime\Rendering\Terrain\Terrain.cpp">
      <Filter>Source Files</Filter>
    </ClCompile>
    <ClCompile Include="Runtime\Entity\ScriptableEntity.cpp">
      <Filter>Source Files</Filter>
    </ClCompile>
    <ClCompile Include="Runtime\Rendering\Renderer.cpp">
      <Filter>Source Files</Filter>
    </ClCompile>
    <ClCompile Include="Runtime\Rendering\Terrain\HeightmapGenerator.cpp">
      <Filter>Source Files</Filter>
    </ClCompile>
    <ClCompile Include="Runtime\Rendering\Shadows\ShadowFrameBuffer.cpp">
      <Filter>Source Files</Filter>
    </ClCompile>
    <ClCompile Include="Runtime\Rendering\Water\WaterTile.cpp">
      <Filter>Source Files</Filter>
    </ClCompile>
    <ClCompile Include="Runtime\Rendering\Water\WaterMesh.cpp">
      <Filter>Source Files</Filter>
    </ClCompile>
    <ClCompile Include="Runtime\Rendering\Materials\PBRMaterial.cpp">
      <Filter>Source Files</Filter>
    </ClCompile>
    <ClCompile Include="Runtime\Rendering\Water\WaterFrameBuffers.cpp">
      <Filter>Source Files</Filter>
    </ClCompile>
    <ClCompile Include="Runtime\Scripts\ScriptManager.cpp">
      <Filter>Source Files</Filter>
    </ClCompile>
    <ClCompile Include="Runtime\Scripts\LuaScript.cpp">
      <Filter>Source Files</Filter>
    </ClCompile>
    <ClCompile Include="Runtime\Light\Light.cpp">
      <Filter>Source Files</Filter>
    </ClCompile>
    <ClCompile Include="Runtime\Rendering\Shadows\ShadowMapper.cpp">
      <Filter>Source Files</Filter>
    </ClCompile>
    <ClCompile Include="Runtime\Utils\ClipboardUtils.cpp">
      <Filter>Source Files</Filter>
    </ClCompile>
    <ClCompile Include="EntryPoint\Editor\MateralViewer\MaterialViewer.cpp">
      <Filter>Source Files</Filter>
    </ClCompile>
    <ClCompile Include="EntryPoint\Editor\MateralViewer\MaterialScene.cpp">
      <Filter>Source Files</Filter>
    </ClCompile>
    <ClCompile Include="Runtime\Platform\OpenGL\glRendererAPI.cpp">
      <Filter>Source Files</Filter>
    </ClCompile>
    <ClCompile Include="Runtime\Rendering\RendererAPI.cpp">
      <Filter>Source Files</Filter>
    </ClCompile>
    <ClCompile Include="Vendor\imgui-docking\ImCurveEdit.cpp">
      <Filter>Source Files</Filter>
    </ClCompile>
    <ClCompile Include="Vendor\imgui-docking\ImGradient.cpp">
      <Filter>Source Files</Filter>
    </ClCompile>
    <ClCompile Include="Vendor\imgui-docking\imgui.cpp">
      <Filter>Source Files</Filter>
    </ClCompile>
    <ClCompile Include="Vendor\imgui-docking\imgui_demo.cpp">
      <Filter>Source Files</Filter>
    </ClCompile>
    <ClCompile Include="Vendor\imgui-docking\imgui_draw.cpp">
      <Filter>Source Files</Filter>
    </ClCompile>
    <ClCompile Include="Vendor\imgui-docking\imgui_impl_glfw.cpp">
      <Filter>Source Files</Filter>
    </ClCompile>
    <ClCompile Include="Vendor\imgui-docking\imgui_impl_opengl3.cpp">
      <Filter>Source Files</Filter>
    </ClCompile>
    <ClCompile Include="Vendor\imgui-docking\imgui_tables.cpp">
      <Filter>Source Files</Filter>
    </ClCompile>
    <ClCompile Include="Vendor\imgui-docking\imgui_widgets.cpp">
      <Filter>Source Files</Filter>
    </ClCompile>
    <ClCompile Include="Vendor\imgui-docking\ImGuizmo.cpp">
      <Filter>Source Files</Filter>
    </ClCompile>
    <ClCompile Include="Vendor\imgui-docking\ImSequencer.cpp">
      <Filter>Source Files</Filter>
    </ClCompile>
    <ClCompile Include="Vendor\imgui-node-editor-master\crude_json.cpp">
      <Filter>Source Files</Filter>
    </ClCompile>
    <ClCompile Include="Vendor\imgui-node-editor-master\imgui_canvas.cpp">
      <Filter>Source Files</Filter>
    </ClCompile>
    <ClCompile Include="Vendor\imgui-node-editor-master\imgui_node_editor.cpp">
      <Filter>Source Files</Filter>
    </ClCompile>
    <ClCompile Include="Vendor\imgui-node-editor-master\imgui_node_editor_api.cpp">
      <Filter>Source Files</Filter>
    </ClCompile>
    <ClCompile Include="EntryPoint\Editor\Animator\AnimatorWindow.cpp">
      <Filter>Source Files</Filter>
    </ClCompile>
    <ClCompile Include="EntryPoint\Editor\Animator\AnimationScene.cpp">
      <Filter>Source Files</Filter>
    </ClCompile>
    <ClCompile Include="EntryPoint\Editor\TerrainEditor\TerrainEditor.cpp">
      <Filter>Source Files</Filter>
    </ClCompile>
    <ClCompile Include="Runtime\PhysicsEngine\DebugDrawer.cpp">
      <Filter>Source Files</Filter>
    </ClCompile>
    <ClCompile Include="EntryPoint\Editor\GuiComponents\EntityCreator.cpp">
      <Filter>Source Files</Filter>
    </ClCompile>
    <ClCompile Include="Runtime\Rendering\Terrain\SplitTerrain\SplitTerrainGenerator.cpp">
      <Filter>Source Files</Filter>
    </ClCompile>
    <ClCompile Include="Runtime\Rendering\Terrain\NoiseGenerator.cpp">
      <Filter>Source Files</Filter>
    </ClCompile>
    <ClCompile Include="EntryPoint\Editor2D\EditorScene2D.cpp">
      <Filter>Source Files</Filter>
    </ClCompile>
  </ItemGroup>
  <ItemGroup>
    <ClInclude Include="Runtime\Rendering\OBJLoader.h">
      <Filter>Header Files</Filter>
    </ClInclude>
    <ClInclude Include="Runtime\Rendering\Mesh.h">
      <Filter>Header Files</Filter>
    </ClInclude>
    <ClInclude Include="Runtime\Rendering\Shader.h">
      <Filter>Header Files</Filter>
    </ClInclude>
    <ClInclude Include="Runtime\Core\Game.h">
      <Filter>Header Files</Filter>
    </ClInclude>
    <ClInclude Include="Runtime\Rendering\Texture.h">
      <Filter>Header Files</Filter>
    </ClInclude>
    <ClInclude Include="Runtime\Rendering\stb_image.h">
      <Filter>Header Files</Filter>
    </ClInclude>
    <ClInclude Include="Runtime\Rendering\Model.h">
      <Filter>Header Files</Filter>
    </ClInclude>
    <ClInclude Include="Runtime\Camera\Camera.h">
      <Filter>Header Files</Filter>
    </ClInclude>
    <ClInclude Include="Runtime\Rendering\Material.h">
      <Filter>Header Files</Filter>
    </ClInclude>
    <ClInclude Include="Runtime\Core\Core.h">
      <Filter>Header Files</Filter>
    </ClInclude>
    <ClInclude Include="Runtime\Core\Input.h">
      <Filter>Header Files</Filter>
    </ClInclude>
    <ClInclude Include="Runtime\Animation\Bone.h">
      <Filter>Header Files</Filter>
    </ClInclude>
    <ClInclude Include="Runtime\Animation\assimp_utils.h">
      <Filter>Header Files</Filter>
    </ClInclude>
    <ClInclude Include="Runtime\Animation\Animation.h">
      <Filter>Header Files</Filter>
    </ClInclude>
    <ClInclude Include="Runtime\Animation\Animator.h">
      <Filter>Header Files</Filter>
    </ClInclude>
    <ClInclude Include="Runtime\Animation\AnimatedModel.h">
      <Filter>Header Files</Filter>
    </ClInclude>
    <ClInclude Include="Runtime\Animation\AnimatedMesh.h">
      <Filter>Header Files</Filter>
    </ClInclude>
    <ClInclude Include="Runtime\Core\Window.h">
      <Filter>Header Files</Filter>
    </ClInclude>
    <ClInclude Include="Runtime\Platform\Windows\glWindow.h">
      <Filter>Header Files</Filter>
    </ClInclude>
    <ClInclude Include="Runtime\Simulation\Simulation.h">
      <Filter>Header Files</Filter>
    </ClInclude>
    <ClInclude Include="Runtime\Core\Layer.h">
      <Filter>Header Files</Filter>
    </ClInclude>
    <ClInclude Include="Runtime\Core\LayerStack.h">
      <Filter>Header Files</Filter>
    </ClInclude>
    <ClInclude Include="Runtime\Core\Timer.h">
      <Filter>Header Files</Filter>
    </ClInclude>
    <ClInclude Include="EntryPoint\AppGame.h">
      <Filter>Header Files</Filter>
    </ClInclude>
    <ClInclude Include="EntryPoint\GameLayer.h">
      <Filter>Header Files</Filter>
    </ClInclude>
    <ClInclude Include="EntryPoint\Game\GameWorld.h">
      <Filter>Header Files</Filter>
    </ClInclude>
    <ClInclude Include="Runtime\Entity\Scene.h">
      <Filter>Header Files</Filter>
    </ClInclude>
    <ClInclude Include="Runtime\Entity\StateMachine.h">
      <Filter>Header Files</Filter>
    </ClInclude>
    <ClInclude Include="EntryPoint\Game\GameObject.h">
      <Filter>Header Files</Filter>
    </ClInclude>
    <ClInclude Include="EntryPoint\EditorLayer.h">
      <Filter>Header Files</Filter>
    </ClInclude>
    <ClInclude Include="EntryPoint\Editor\Editor.h">
      <Filter>Header Files</Filter>
    </ClInclude>
    <ClInclude Include="EntryPoint\Editor\GUILayer.h">
      <Filter>Header Files</Filter>
    </ClInclude>
    <ClInclude Include="Runtime\Rendering\FrameBuffer.h">
      <Filter>Header Files</Filter>
    </ClInclude>
    <ClInclude Include="Runtime\Platform\OpenGL\glFrameBuffer.h">
      <Filter>Header Files</Filter>
    </ClInclude>
    <ClInclude Include="EntryPoint\Editor\EditorScene.h">
      <Filter>Header Files</Filter>
    </ClInclude>
    <ClInclude Include="EntryPoint\Editor\SceneHierarchy\SceneHierarchy.h">
      <Filter>Header Files</Filter>
    </ClInclude>
    <ClInclude Include="EntryPoint\Editor\GuiComponents\GuiConsole.h">
      <Filter>Header Files</Filter>
    </ClInclude>
    <ClInclude Include="EntryPoint\Editor\GuiComponents\ObjectAdditor.h">
      <Filter>Header Files</Filter>
    </ClInclude>
    <ClInclude Include="EntryPoint\Editor\GuiComponents\SceneProps.h">
      <Filter>Header Files</Filter>
    </ClInclude>
    <ClInclude Include="Runtime\Core\Event.h">
      <Filter>Header Files</Filter>
    </ClInclude>
    <ClInclude Include="Vendor\imgui\stb_rect_pack.h">
      <Filter>Header Files</Filter>
    </ClInclude>
    <ClInclude Include="Vendor\imgui\stb_textedit.h">
      <Filter>Header Files</Filter>
    </ClInclude>
    <ClInclude Include="Vendor\imgui\stb_truetype.h">
      <Filter>Header Files</Filter>
    </ClInclude>
    <ClInclude Include="Runtime\Camera\EditorCamera.h">
      <Filter>Header Files</Filter>
    </ClInclude>
    <ClInclude Include="Runtime\Math\Math.h">
      <Filter>Header Files</Filter>
    </ClInclude>
    <ClInclude Include="EntryPoint\Editor\Inspector\ObjectProperties.h">
      <Filter>Header Files</Filter>
    </ClInclude>
    <ClInclude Include="EntryPoint\Editor\ContentBrowser\ContentBrowserPanel.h">
      <Filter>Header Files</Filter>
    </ClInclude>
    <ClInclude Include="Runtime\Utils\PlatformUtils.h">
      <Filter>Header Files</Filter>
    </ClInclude>
    <ClInclude Include="Runtime\Platform\Windows\WindowsPlatformUtils.h">
      <Filter>Header Files</Filter>
    </ClInclude>
    <ClInclude Include="Runtime\Serializing\SceneSerializer.h">
      <Filter>Header Files</Filter>
    </ClInclude>
    <ClInclude Include="Runtime\Light\LightPoint.h">
      <Filter>Header Files</Filter>
    </ClInclude>
    <ClInclude Include="Runtime\Entity\Entity.h">
      <Filter>Header Files</Filter>
    </ClInclude>
    <ClInclude Include="Runtime\Entity\Component.h">
      <Filter>Header Files</Filter>
    </ClInclude>
    <ClInclude Include="Runtime\Entity\EntityManager.h">
      <Filter>Header Files</Filter>
    </ClInclude>
    <ClInclude Include="Runtime\Entity\EngineScene.h">
      <Filter>Header Files</Filter>
    </ClInclude>
    <ClInclude Include="Runtime\Core\Log.h">
      <Filter>Header Files</Filter>
    </ClInclude>
    <ClInclude Include="Runtime\Light\DirectionalLight.h">
      <Filter>Header Files</Filter>
    </ClInclude>
    <ClInclude Include="Runtime\Light\Spotlight.h">
      <Filter>Header Files</Filter>
    </ClInclude>
    <ClInclude Include="Runtime\Platform\Windows\WindowsInput.h">
      <Filter>Header Files</Filter>
    </ClInclude>
    <ClInclude Include="Runtime\Rendering\Cubemap.h">
      <Filter>Header Files</Filter>
    </ClInclude>
    <ClInclude Include="EntryPoint\Editor\Utils\IconsFontAwesome5.h">
      <Filter>Header Files</Filter>
    </ClInclude>
    <ClInclude Include="Runtime\PhysicsEngine\Collider.h">
      <Filter>Header Files</Filter>
    </ClInclude>
    <ClInclude Include="Runtime\PhysicsEngine\CollisionWorld.h">
      <Filter>Header Files</Filter>
    </ClInclude>
    <ClInclude Include="Runtime\PhysicsEngine\RigidBody.h">
      <Filter>Header Files</Filter>
    </ClInclude>
    <ClInclude Include="Runtime\PhysicsEngine\DynamicWorld.h">
      <Filter>Header Files</Filter>
    </ClInclude>
    <ClInclude Include="Runtime\PhysicsEngine\CollisionPoint.h">
      <Filter>Header Files</Filter>
    </ClInclude>
    <ClInclude Include="Runtime\PhysicsEngine\BoxCollider.h">
      <Filter>Header Files</Filter>
    </ClInclude>
    <ClInclude Include="Runtime\PhysicsEngine\CircleCollider.h">
      <Filter>Header Files</Filter>
    </ClInclude>
    <ClInclude Include="stdafx.h">
      <Filter>Header Files</Filter>
    </ClInclude>
    <ClInclude Include="Runtime\PhysicsEngine\PhysicsEngine.h">
      <Filter>Header Files</Filter>
    </ClInclude>
    <ClInclude Include="EntryPoint\Editor\Utils\TimeUtil.h">
      <Filter>Header Files</Filter>
    </ClInclude>
    <ClInclude Include="Runtime\Rendering\Terrain\Terrain.h">
      <Filter>Header Files</Filter>
    </ClInclude>
    <ClInclude Include="Runtime\Entity\ScriptableEntity.h">
      <Filter>Header Files</Filter>
    </ClInclude>
    <ClInclude Include="Runtime\Rendering\Renderer.h">
      <Filter>Header Files</Filter>
    </ClInclude>
    <ClInclude Include="Runtime\Rendering\Terrain\HeightmapGenerator.h">
      <Filter>Header Files</Filter>
    </ClInclude>
    <ClInclude Include="github.hpp">
      <Filter>Header Files</Filter>
    </ClInclude>
    <ClInclude Include="resource.h">
      <Filter>Header Files</Filter>
    </ClInclude>
    <ClInclude Include="Runtime\Rendering\Shadows\ShadowFrameBuffer.h">
      <Filter>Header Files</Filter>
    </ClInclude>
    <ClInclude Include="Runtime\Core\Random.h">
      <Filter>Header Files</Filter>
    </ClInclude>
    <ClInclude Include="Runtime\Rendering\Water\WaterTile.h">
      <Filter>Header Files</Filter>
    </ClInclude>
    <ClInclude Include="Runtime\Rendering\Water\WaterMesh.h">
      <Filter>Header Files</Filter>
    </ClInclude>
    <ClInclude Include="Runtime\Rendering\Materials\PBRMaterial.h">
      <Filter>Header Files</Filter>
    </ClInclude>
    <ClInclude Include="Runtime\Utils\FilesystemUtils.h">
      <Filter>Header Files</Filter>
    </ClInclude>
    <ClInclude Include="Runtime\Scripts\ScriptEngine.h">
      <Filter>Header Files</Filter>
    </ClInclude>
    <ClInclude Include="Runtime\Rendering\RendererUtils.h">
      <Filter>Header Files</Filter>
    </ClInclude>
    <ClInclude Include="Runtime\Rendering\Water\WaterFrameBuffers.h">
      <Filter>Header Files</Filter>
    </ClInclude>
    <ClInclude Include="Runtime\Scripts\ScriptManager.h">
      <Filter>Header Files</Filter>
    </ClInclude>
    <ClInclude Include="Runtime\Scripts\LuaScript.h">
      <Filter>Header Files</Filter>
    </ClInclude>
    <ClInclude Include="Runtime\Light\Light.h">
      <Filter>Header Files</Filter>
    </ClInclude>
    <ClInclude Include="Runtime\Rendering\Shadows\ShadowMapper.h">
      <Filter>Header Files</Filter>
    </ClInclude>
    <ClInclude Include="Runtime\Utils\ClipboardUtils.h">
      <Filter>Header Files</Filter>
    </ClInclude>
    <ClInclude Include="Runtime\Entity\CameraComponent.h">
      <Filter>Header Files</Filter>
    </ClInclude>
    <ClInclude Include="EntryPoint\Editor\MateralViewer\MaterialViewer.h">
      <Filter>Header Files</Filter>
    </ClInclude>
    <ClInclude Include="EntryPoint\Editor\MateralViewer\MaterialScene.h">
      <Filter>Header Files</Filter>
    </ClInclude>
    <ClInclude Include="Runtime\Rendering\RendererAPI.h">
      <Filter>Header Files</Filter>
    </ClInclude>
    <ClInclude Include="Runtime\Platform\OpenGL\glRendererAPI.h">
      <Filter>Header Files</Filter>
    </ClInclude>
    <ClInclude Include="Vendor\imgui-docking\imconfig.h">
      <Filter>Header Files</Filter>
    </ClInclude>
    <ClInclude Include="Vendor\imgui-docking\ImCurveEdit.h">
      <Filter>Header Files</Filter>
    </ClInclude>
    <ClInclude Include="Vendor\imgui-docking\ImGradient.h">
      <Filter>Header Files</Filter>
    </ClInclude>
    <ClInclude Include="Vendor\imgui-docking\imgui.h">
      <Filter>Header Files</Filter>
    </ClInclude>
    <ClInclude Include="Vendor\imgui-docking\imgui_impl_glfw.h">
      <Filter>Header Files</Filter>
    </ClInclude>
    <ClInclude Include="Vendor\imgui-docking\imgui_impl_opengl3.h">
      <Filter>Header Files</Filter>
    </ClInclude>
    <ClInclude Include="Vendor\imgui-docking\imgui_internal.h">
      <Filter>Header Files</Filter>
    </ClInclude>
    <ClInclude Include="Vendor\imgui-docking\ImGuizmo.h">
      <Filter>Header Files</Filter>
    </ClInclude>
    <ClInclude Include="Vendor\imgui-docking\ImSequencer.h">
      <Filter>Header Files</Filter>
    </ClInclude>
    <ClInclude Include="Vendor\imgui-docking\imstb_rectpack.h">
      <Filter>Header Files</Filter>
    </ClInclude>
    <ClInclude Include="Vendor\imgui-docking\imstb_textedit.h">
      <Filter>Header Files</Filter>
    </ClInclude>
    <ClInclude Include="Vendor\imgui-docking\imstb_truetype.h">
      <Filter>Header Files</Filter>
    </ClInclude>
    <ClInclude Include="Vendor\imgui-node-editor-master\crude_json.h">
      <Filter>Header Files</Filter>
    </ClInclude>
    <ClInclude Include="Vendor\imgui-node-editor-master\imgui_bezier_math.h">
      <Filter>Header Files</Filter>
    </ClInclude>
    <ClInclude Include="Vendor\imgui-node-editor-master\imgui_canvas.h">
      <Filter>Header Files</Filter>
    </ClInclude>
    <ClInclude Include="Vendor\imgui-node-editor-master\imgui_extra_math.h">
      <Filter>Header Files</Filter>
    </ClInclude>
    <ClInclude Include="Vendor\imgui-node-editor-master\imgui_node_editor.h">
      <Filter>Header Files</Filter>
    </ClInclude>
    <ClInclude Include="Vendor\imgui-node-editor-master\imgui_node_editor_internal.h">
      <Filter>Header Files</Filter>
    </ClInclude>
    <ClInclude Include="Runtime\Math\LuaMath.h">
      <Filter>Header Files</Filter>
    </ClInclude>
    <ClInclude Include="EntryPoint\Editor\Animator\AnimatorWindow.h">
      <Filter>Header Files</Filter>
    </ClInclude>
    <ClInclude Include="EntryPoint\Editor\Animator\AnimationScene.h">
      <Filter>Header Files</Filter>
    </ClInclude>
    <ClInclude Include="EntryPoint\Editor\NodeEditor\Node.h">
      <Filter>Header Files</Filter>
    </ClInclude>
    <ClInclude Include="EntryPoint\Editor\NodeEditor\NodeCreater.h">
      <Filter>Header Files</Filter>
    </ClInclude>
    <ClInclude Include="Runtime\Rendering\Materials\MaterialController.h">
      <Filter>Header Files</Filter>
    </ClInclude>
    <ClInclude Include="EntryPoint\Editor\TerrainEditor\TerrainEditor.h">
      <Filter>Header Files</Filter>
    </ClInclude>
    <ClInclude Include="Runtime\PhysicsEngine\PhyiscsMesh.h">
      <Filter>Header Files</Filter>
    </ClInclude>
    <ClInclude Include="Runtime\PhysicsEngine\PhysicsMaterial.h">
      <Filter>Header Files</Filter>
    </ClInclude>
    <ClInclude Include="Runtime\PhysicsEngine\DebugDrawer.h">
      <Filter>Header Files</Filter>
    </ClInclude>
    <ClInclude Include="EntryPoint\Editor\GuiComponents\EntityCreator.h">
      <Filter>Header Files</Filter>
    </ClInclude>
    <ClInclude Include="Runtime\Rendering\Terrain\SplitTerrain\SplitTerrainGenerator.h">
      <Filter>Header Files</Filter>
    </ClInclude>
    <ClInclude Include="Runtime\Rendering\Terrain\NoiseGenerator.h">
      <Filter>Header Files</Filter>
    </ClInclude>
    <ClInclude Include="EntryPoint\Editor\Utils\MousePicker.h">
      <Filter>Header Files</Filter>
    </ClInclude>
    <ClInclude Include="EntryPoint\Editor2D\EditorScene2D.h">
      <Filter>Header Files</Filter>
    </ClInclude>
  </ItemGroup>
  <ItemGroup>
    <None Include="resources\shaders\vertex_shader.glsl" />
    <None Include="resources\shaders\fragment_shader.glsl" />
    <None Include="resources\shaders\animated_vertex_shader.glsl" />
    <None Include="resources\shaders\animated_fragment_shader.glsl" />
    <None Include="cpp.hint" />
    <None Include="resources\shaders\color_vertex_shader.glsl" />
    <None Include="resources\shaders\color_fragment_shader.glsl" />
    <None Include="resources\shaders\terrain_fragment_shader.glsl" />
    <None Include="resources\shaders\cubemap\cubemap_vertex_shader.glsl" />
    <None Include="resources\shaders\cubemap\cubemap_fragment_shader.glsl" />
    <None Include="resources\shaders\terrain\terrain_vertex_shader.glsl" />
    <None Include="resources\shaders\terrain\terrain_fragment_shader.glsl" />
    <None Include="resources\shaders\water\water_vertex_shader.glsl" />
    <None Include="resources\shaders\water\water_fragment_shader.glsl" />
    <None Include="resources\shaders\materials\rbp_vertex_shader.glsl" />
    <None Include="resources\shaders\materials\rbp_fragment_shader.glsl" />
    <None Include="resources\shaders\texture\texture_vertex_shader.glsl" />
    <None Include="resources\shaders\texture\texture_fragment_shader.glsl" />
    <None Include="Vendor\imgui-node-editor-master\imgui_bezier_math.inl">
      <Filter>Header Files</Filter>
    </None>
    <None Include="Vendor\imgui-node-editor-master\imgui_extra_math.inl">
      <Filter>Header Files</Filter>
    </None>
    <None Include="Vendor\imgui-node-editor-master\imgui_node_editor_internal.inl">
      <Filter>Header Files</Filter>
    </None>
    <None Include="resources\shaders\ibl\ibl_vertex_shader.glsl" />
    <None Include="resources\shaders\ibl\ibl_fragment_shader.glsl" />
  </ItemGroup>
  <ItemGroup>
    <ResourceCompile Include="RayCast.rc">
      <Filter>Resource Files</Filter>
    </ResourceCompile>
  </ItemGroup>
  <ItemGroup>
    <Image Include="icon1.ico">
      <Filter>Resource Files</Filter>
    </Image>
  </ItemGroup>
</Project>